
Microsoft Visual Studio Solution File, Format Version 12.00
# Visual Studio 15
VisualStudioVersion = 15.0.27428.2043
MinimumVisualStudioVersion = 10.0.40219.1
Project("{FAE04EC0-301F-11D3-BF4B-00C04F79EFBC}") = "day_8", "day_8\day_8.csproj", "{FFD95DA1-0CEE-471D-83EE-279E316729E3}"
EndProject
Global
	GlobalSection(SolutionConfigurationPlatforms) = preSolution
		Debug|Any CPU = Debug|Any CPU
		Release|Any CPU = Release|Any CPU
	EndGlobalSection
	GlobalSection(ProjectConfigurationPlatforms) = postSolution
		{FFD95DA1-0CEE-471D-83EE-279E316729E3}.Debug|Any CPU.ActiveCfg = Debug|Any CPU
		{FFD95DA1-0CEE-471D-83EE-279E316729E3}.Debug|Any CPU.Build.0 = Debug|Any CPU
		{FFD95DA1-0CEE-471D-83EE-279E316729E3}.Release|Any CPU.ActiveCfg = Release|Any CPU
		{FFD95DA1-0CEE-471D-83EE-279E316729E3}.Release|Any CPU.Build.0 = Release|Any CPU
	EndGlobalSection
	GlobalSection(SolutionProperties) = preSolution
		HideSolutionNode = FALSE
	EndGlobalSection
	GlobalSection(ExtensibilityGlobals) = postSolution
		SolutionGuid = {56CE8764-9D2B-4496-8096-7BA46DA9551D}
	EndGlobalSection
EndGlobal
